
Microsoft Visual Studio Solution File, Format Version 12.00
# Visual Studio 15
VisualStudioVersion = 15.0.27130.2020
MinimumVisualStudioVersion = 10.0.40219.1
Project("{8BC9CEB8-8B4A-11D0-8D11-00A0C91BC942}") = "RtWindows_Driver", "RtWindows_Driver\RtWindows_Driver.vcxproj", "{E9DB8747-BED1-4BCE-BE69-F4D674C977E1}"
	ProjectSection(ProjectDependencies) = postProject
		{15F300AC-AC72-4F23-B7D9-9D9B906089E0} = {15F300AC-AC72-4F23-B7D9-9D9B906089E0}
	EndProjectSection
EndProject
Project("{8BC9CEB8-8B4A-11D0-8D11-00A0C91BC942}") = "RtWindows_Library_Kernel", "RtWindows_Library\RtWindows_Library.vcxproj", "{15F300AC-AC72-4F23-B7D9-9D9B906089E0}"
EndProject
Project("{8BC9CEB8-8B4A-11D0-8D11-00A0C91BC942}") = "RtWindows_Runtime", "RtWindows_Runtime\RtWindows_Runtime.vcxproj", "{E2B2E64A-5E5F-4F44-8CA4-FF7386939DF6}"
	ProjectSection(ProjectDependencies) = postProject
		{79CD29C8-5B7B-45F7-8B41-EECC9A16A16A} = {79CD29C8-5B7B-45F7-8B41-EECC9A16A16A}
	EndProjectSection
EndProject
Project("{8BC9CEB8-8B4A-11D0-8D11-00A0C91BC942}") = "Test", "Test\Test.vcxproj", "{212BD578-2CAF-46F4-BF5E-BDD9398007AF}"
	ProjectSection(ProjectDependencies) = postProject
		{E2B2E64A-5E5F-4F44-8CA4-FF7386939DF6} = {E2B2E64A-5E5F-4F44-8CA4-FF7386939DF6}
	EndProjectSection
EndProject
Project("{8BC9CEB8-8B4A-11D0-8D11-00A0C91BC942}") = "RtWindows_Library_NonKernel", "RtWindows_Library_NonKernel\RtWindows_Library_NonKernel.vcxproj", "{79CD29C8-5B7B-45F7-8B41-EECC9A16A16A}"
EndProject
Global
	GlobalSection(SolutionConfigurationPlatforms) = preSolution
		Debug|ARM = Debug|ARM
		Debug|ARM64 = Debug|ARM64
		Debug|x64 = Debug|x64
		Debug|x86 = Debug|x86
		Release|ARM = Release|ARM
		Release|ARM64 = Release|ARM64
		Release|x64 = Release|x64
		Release|x86 = Release|x86
	EndGlobalSection
	GlobalSection(ProjectConfigurationPlatforms) = postSolution
		{E9DB8747-BED1-4BCE-BE69-F4D674C977E1}.Debug|ARM.ActiveCfg = Debug|ARM
		{E9DB8747-BED1-4BCE-BE69-F4D674C977E1}.Debug|ARM.Build.0 = Debug|ARM
		{E9DB8747-BED1-4BCE-BE69-F4D674C977E1}.Debug|ARM.Deploy.0 = Debug|ARM
		{E9DB8747-BED1-4BCE-BE69-F4D674C977E1}.Debug|ARM64.ActiveCfg = Debug|ARM64
		{E9DB8747-BED1-4BCE-BE69-F4D674C977E1}.Debug|ARM64.Build.0 = Debug|ARM64
		{E9DB8747-BED1-4BCE-BE69-F4D674C977E1}.Debug|ARM64.Deploy.0 = Debug|ARM64
		{E9DB8747-BED1-4BCE-BE69-F4D674C977E1}.Debug|x64.ActiveCfg = Debug|x64
		{E9DB8747-BED1-4BCE-BE69-F4D674C977E1}.Debug|x64.Build.0 = Debug|x64
		{E9DB8747-BED1-4BCE-BE69-F4D674C977E1}.Debug|x64.Deploy.0 = Debug|x64
		{E9DB8747-BED1-4BCE-BE69-F4D674C977E1}.Debug|x86.ActiveCfg = Debug|Win32
		{E9DB8747-BED1-4BCE-BE69-F4D674C977E1}.Debug|x86.Build.0 = Debug|Win32
		{E9DB8747-BED1-4BCE-BE69-F4D674C977E1}.Debug|x86.Deploy.0 = Debug|Win32
		{E9DB8747-BED1-4BCE-BE69-F4D674C977E1}.Release|ARM.ActiveCfg = Release|ARM
		{E9DB8747-BED1-4BCE-BE69-F4D674C977E1}.Release|ARM.Build.0 = Release|ARM
		{E9DB8747-BED1-4BCE-BE69-F4D674C977E1}.Release|ARM.Deploy.0 = Release|ARM
		{E9DB8747-BED1-4BCE-BE69-F4D674C977E1}.Release|ARM64.ActiveCfg = Release|ARM64
		{E9DB8747-BED1-4BCE-BE69-F4D674C977E1}.Release|ARM64.Build.0 = Release|ARM64
		{E9DB8747-BED1-4BCE-BE69-F4D674C977E1}.Release|ARM64.Deploy.0 = Release|ARM64
		{E9DB8747-BED1-4BCE-BE69-F4D674C977E1}.Release|x64.ActiveCfg = Release|x64
		{E9DB8747-BED1-4BCE-BE69-F4D674C977E1}.Release|x64.Build.0 = Release|x64
		{E9DB8747-BED1-4BCE-BE69-F4D674C977E1}.Release|x64.Deploy.0 = Release|x64
		{E9DB8747-BED1-4BCE-BE69-F4D674C977E1}.Release|x86.ActiveCfg = Release|Win32
		{E9DB8747-BED1-4BCE-BE69-F4D674C977E1}.Release|x86.Build.0 = Release|Win32
		{E9DB8747-BED1-4BCE-BE69-F4D674C977E1}.Release|x86.Deploy.0 = Release|Win32
		{15F300AC-AC72-4F23-B7D9-9D9B906089E0}.Debug|ARM.ActiveCfg = Debug|ARM
		{15F300AC-AC72-4F23-B7D9-9D9B906089E0}.Debug|ARM.Build.0 = Debug|ARM
		{15F300AC-AC72-4F23-B7D9-9D9B906089E0}.Debug|ARM.Deploy.0 = Debug|ARM
		{15F300AC-AC72-4F23-B7D9-9D9B906089E0}.Debug|ARM64.ActiveCfg = Debug|ARM64
		{15F300AC-AC72-4F23-B7D9-9D9B906089E0}.Debug|ARM64.Build.0 = Debug|ARM64
		{15F300AC-AC72-4F23-B7D9-9D9B906089E0}.Debug|ARM64.Deploy.0 = Debug|ARM64
		{15F300AC-AC72-4F23-B7D9-9D9B906089E0}.Debug|x64.ActiveCfg = Debug|x64
		{15F300AC-AC72-4F23-B7D9-9D9B906089E0}.Debug|x64.Build.0 = Debug|x64
		{15F300AC-AC72-4F23-B7D9-9D9B906089E0}.Debug|x64.Deploy.0 = Debug|x64
		{15F300AC-AC72-4F23-B7D9-9D9B906089E0}.Debug|x86.ActiveCfg = Debug|Win32
		{15F300AC-AC72-4F23-B7D9-9D9B906089E0}.Debug|x86.Build.0 = Debug|Win32
		{15F300AC-AC72-4F23-B7D9-9D9B906089E0}.Debug|x86.Deploy.0 = Debug|Win32
		{15F300AC-AC72-4F23-B7D9-9D9B906089E0}.Release|ARM.ActiveCfg = Release|ARM
		{15F300AC-AC72-4F23-B7D9-9D9B906089E0}.Release|ARM.Build.0 = Release|ARM
		{15F300AC-AC72-4F23-B7D9-9D9B906089E0}.Release|ARM.Deploy.0 = Release|ARM
		{15F300AC-AC72-4F23-B7D9-9D9B906089E0}.Release|ARM64.ActiveCfg = Release|ARM64
		{15F300AC-AC72-4F23-B7D9-9D9B906089E0}.Release|ARM64.Build.0 = Release|ARM64
		{15F300AC-AC72-4F23-B7D9-9D9B906089E0}.Release|ARM64.Deploy.0 = Release|ARM64
		{15F300AC-AC72-4F23-B7D9-9D9B906089E0}.Release|x64.ActiveCfg = Release|x64
		{15F300AC-AC72-4F23-B7D9-9D9B906089E0}.Release|x64.Build.0 = Release|x64
		{15F300AC-AC72-4F23-B7D9-9D9B906089E0}.Release|x64.Deploy.0 = Release|x64
		{15F300AC-AC72-4F23-B7D9-9D9B906089E0}.Release|x86.ActiveCfg = Release|Win32
		{15F300AC-AC72-4F23-B7D9-9D9B906089E0}.Release|x86.Build.0 = Release|Win32
		{15F300AC-AC72-4F23-B7D9-9D9B906089E0}.Release|x86.Deploy.0 = Release|Win32
		{E2B2E64A-5E5F-4F44-8CA4-FF7386939DF6}.Debug|ARM.ActiveCfg = Debug|Win32
		{E2B2E64A-5E5F-4F44-8CA4-FF7386939DF6}.Debug|ARM64.ActiveCfg = Debug|Win32
		{E2B2E64A-5E5F-4F44-8CA4-FF7386939DF6}.Debug|x64.ActiveCfg = Debug|x64
		{E2B2E64A-5E5F-4F44-8CA4-FF7386939DF6}.Debug|x64.Build.0 = Debug|x64
		{E2B2E64A-5E5F-4F44-8CA4-FF7386939DF6}.Debug|x86.ActiveCfg = Debug|Win32
		{E2B2E64A-5E5F-4F44-8CA4-FF7386939DF6}.Debug|x86.Build.0 = Debug|Win32
		{E2B2E64A-5E5F-4F44-8CA4-FF7386939DF6}.Release|ARM.ActiveCfg = Release|Win32
		{E2B2E64A-5E5F-4F44-8CA4-FF7386939DF6}.Release|ARM64.ActiveCfg = Release|Win32
		{E2B2E64A-5E5F-4F44-8CA4-FF7386939DF6}.Release|x64.ActiveCfg = Release|x64
		{E2B2E64A-5E5F-4F44-8CA4-FF7386939DF6}.Release|x64.Build.0 = Release|x64
		{E2B2E64A-5E5F-4F44-8CA4-FF7386939DF6}.Release|x86.ActiveCfg = Release|Win32
		{E2B2E64A-5E5F-4F44-8CA4-FF7386939DF6}.Release|x86.Build.0 = Release|Win32
		{212BD578-2CAF-46F4-BF5E-BDD9398007AF}.Debug|ARM.ActiveCfg = Debug|Win32
		{212BD578-2CAF-46F4-BF5E-BDD9398007AF}.Debug|ARM64.ActiveCfg = Debug|Win32
		{212BD578-2CAF-46F4-BF5E-BDD9398007AF}.Debug|x64.ActiveCfg = Debug|x64
		{212BD578-2CAF-46F4-BF5E-BDD9398007AF}.Debug|x64.Build.0 = Debug|x64
		{212BD578-2CAF-46F4-BF5E-BDD9398007AF}.Debug|x86.ActiveCfg = Debug|Win32
		{212BD578-2CAF-46F4-BF5E-BDD9398007AF}.Debug|x86.Build.0 = Debug|Win32
		{212BD578-2CAF-46F4-BF5E-BDD9398007AF}.Release|ARM.ActiveCfg = Release|Win32
		{212BD578-2CAF-46F4-BF5E-BDD9398007AF}.Release|ARM64.ActiveCfg = Release|Win32
		{212BD578-2CAF-46F4-BF5E-BDD9398007AF}.Release|x64.ActiveCfg = Release|x64
		{212BD578-2CAF-46F4-BF5E-BDD9398007AF}.Release|x64.Build.0 = Release|x64
		{212BD578-2CAF-46F4-BF5E-BDD9398007AF}.Release|x86.ActiveCfg = Release|Win32
		{212BD578-2CAF-46F4-BF5E-BDD9398007AF}.Release|x86.Build.0 = Release|Win32
		{79CD29C8-5B7B-45F7-8B41-EECC9A16A16A}.Debug|ARM.ActiveCfg = Debug|Win32
		{79CD29C8-5B7B-45F7-8B41-EECC9A16A16A}.Debug|ARM64.ActiveCfg = Debug|Win32
		{79CD29C8-5B7B-45F7-8B41-EECC9A16A16A}.Debug|x64.ActiveCfg = Debug|x64
		{79CD29C8-5B7B-45F7-8B41-EECC9A16A16A}.Debug|x64.Build.0 = Debug|x64
		{79CD29C8-5B7B-45F7-8B41-EECC9A16A16A}.Debug|x86.ActiveCfg = Debug|Win32
		{79CD29C8-5B7B-45F7-8B41-EECC9A16A16A}.Debug|x86.Build.0 = Debug|Win32
		{79CD29C8-5B7B-45F7-8B41-EECC9A16A16A}.Release|ARM.ActiveCfg = Release|Win32
		{79CD29C8-5B7B-45F7-8B41-EECC9A16A16A}.Release|ARM64.ActiveCfg = Release|Win32
		{79CD29C8-5B7B-45F7-8B41-EECC9A16A16A}.Release|x64.ActiveCfg = Release|x64
		{79CD29C8-5B7B-45F7-8B41-EECC9A16A16A}.Release|x64.Build.0 = Release|x64
		{79CD29C8-5B7B-45F7-8B41-EECC9A16A16A}.Release|x86.ActiveCfg = Release|Win32
		{79CD29C8-5B7B-45F7-8B41-EECC9A16A16A}.Release|x86.Build.0 = Release|Win32
	EndGlobalSection
	GlobalSection(SolutionProperties) = preSolution
		HideSolutionNode = FALSE
	EndGlobalSection
	GlobalSection(ExtensibilityGlobals) = postSolution
		SolutionGuid = {97B51587-CCB0-4187-AE7A-9462E3EBB004}
	EndGlobalSection
EndGlobal
